[
    {
        "id": 1,
        "name": "測試商品: Coles 牛奶",
        "colesPrice": 4.50,
        "wooliesPrice": 5.00,
        "wooliesName": "Woolworths 牛奶",
        "bestPrice": 4.50,
        "winner": "coles",
        "similarity": 100
    },
    {
        "id": 2,
        "name": "測試商品: A2 全脂鮮乳",
        "colesPrice": 6.80,
        "wooliesPrice": 6.80,
        "wooliesName": "A2 全脂鮮乳",
        "bestPrice": 6.80,
        "winner": "draw",
        "similarity": 100
    },
    {
        "id": 3,
        "name": "測試商品: 便宜的麵包",
        "colesPrice": 3.50,
        "wooliesPrice": 2.90,
        "wooliesName": "Woolies 麵包",
        "bestPrice": 2.90,
        "winner": "woolies",
        "similarity": 95
    }
]